
Microsoft Visual Studio Solution File, Format Version 12.00
# Visual Studio Version 17
VisualStudioVersion = 17.2.32630.192
MinimumVisualStudioVersion = 10.0.40219.1
Project("{9A19103F-16F7-4668-BE54-9A1E7A4F7556}") = "jukebox.backend", "src\jukebox.backend\jukebox.backend.csproj", "{CE01CF65-EDC4-412E-AD96-603235770A55}"
EndProject
Project("{2150E333-8FDC-42A3-9474-1A3956D46DE8}") = "src", "src", "{645A9A77-CE97-4D9B-AE02-6826693E0DEC}"
EndProject
Project("{2150E333-8FDC-42A3-9474-1A3956D46DE8}") = "test", "test", "{B47A1A71-D198-4C62-B135-07C4E0C0E805}"
EndProject
Project("{2150E333-8FDC-42A3-9474-1A3956D46DE8}") = "service", "service", "{BF941975-EB12-4B84-A2E7-D87695CC7DA2}"
EndProject
Project("{FAE04EC0-301F-11D3-BF4B-00C04F79EFBC}") = "jukebox.Test", "src\jukebox.backend\test\service\jukebox.Test\jukebox.Test.csproj", "{25421AA6-2A7A-4E6D-9906-2026F19917F9}"
EndProject
Global
	GlobalSection(SolutionConfigurationPlatforms) = preSolution
		Debug|Any CPU = Debug|Any CPU
		Release|Any CPU = Release|Any CPU
	EndGlobalSection
	GlobalSection(ProjectConfigurationPlatforms) = postSolution
		{CE01CF65-EDC4-412E-AD96-603235770A55}.Debug|Any CPU.ActiveCfg = Debug|Any CPU
		{CE01CF65-EDC4-412E-AD96-603235770A55}.Debug|Any CPU.Build.0 = Debug|Any CPU
		{CE01CF65-EDC4-412E-AD96-603235770A55}.Release|Any CPU.ActiveCfg = Release|Any CPU
		{CE01CF65-EDC4-412E-AD96-603235770A55}.Release|Any CPU.Build.0 = Release|Any CPU
		{25421AA6-2A7A-4E6D-9906-2026F19917F9}.Debug|Any CPU.ActiveCfg = Debug|Any CPU
		{25421AA6-2A7A-4E6D-9906-2026F19917F9}.Debug|Any CPU.Build.0 = Debug|Any CPU
		{25421AA6-2A7A-4E6D-9906-2026F19917F9}.Release|Any CPU.ActiveCfg = Release|Any CPU
		{25421AA6-2A7A-4E6D-9906-2026F19917F9}.Release|Any CPU.Build.0 = Release|Any CPU
	EndGlobalSection
	GlobalSection(SolutionProperties) = preSolution
		HideSolutionNode = FALSE
	EndGlobalSection
	GlobalSection(NestedProjects) = preSolution
		{CE01CF65-EDC4-412E-AD96-603235770A55} = {645A9A77-CE97-4D9B-AE02-6826693E0DEC}
		{BF941975-EB12-4B84-A2E7-D87695CC7DA2} = {B47A1A71-D198-4C62-B135-07C4E0C0E805}
		{25421AA6-2A7A-4E6D-9906-2026F19917F9} = {BF941975-EB12-4B84-A2E7-D87695CC7DA2}
	EndGlobalSection
	GlobalSection(ExtensibilityGlobals) = postSolution
		SolutionGuid = {2FF5433A-0656-4691-9937-E2745E8FA429}
	EndGlobalSection
EndGlobal
